// !$*UTF8*$!
{
	archiveVersion = 1;
	classes = {
	};
	objectVersion = 46;
	objects = {

/* Begin PBXBuildFile section */
		2E80571F1B4254F2006B1C0F /* AppDelegate.swift in Sources */ = {isa = PBXBuildFile; fileRef = 2E80571E1B4254F2006B1C0F /* AppDelegate.swift */; };
		2E8057221B4254F2006B1C0F /* BlocNotes.xcdatamodeld in Sources */ = {isa = PBXBuildFile; fileRef = 2E8057201B4254F2006B1C0F /* BlocNotes.xcdatamodeld */; };
		2E8057271B4254F2006B1C0F /* Main.storyboard in Resources */ = {isa = PBXBuildFile; fileRef = 2E8057251B4254F2006B1C0F /* Main.storyboard */; };
		2E8057291B4254F2006B1C0F /* Images.xcassets in Resources */ = {isa = PBXBuildFile; fileRef = 2E8057281B4254F2006B1C0F /* Images.xcassets */; };
		2E80572C1B4254F2006B1C0F /* LaunchScreen.xib in Resources */ = {isa = PBXBuildFile; fileRef = 2E80572A1B4254F2006B1C0F /* LaunchScreen.xib */; };
		2E8057381B4254F2006B1C0F /* BlocNotesTests.swift in Sources */ = {isa = PBXBuildFile; fileRef = 2E8057371B4254F2006B1C0F /* BlocNotesTests.swift */; };
		2E8057421B4256F2006B1C0F /* MainNotesListTableViewController.swift in Sources */ = {isa = PBXBuildFile; fileRef = 2E8057411B4256F2006B1C0F /* MainNotesListTableViewController.swift */; };
		2EC28A341B438CB700ABB1BD /* DetailViewController.swift in Sources */ = {isa = PBXBuildFile; fileRef = 2EC28A331B438CB700ABB1BD /* DetailViewController.swift */; };
		2EC28A421B43AB3A00ABB1BD /* Note.swift in Sources */ = {isa = PBXBuildFile; fileRef = 2EC28A411B43AB3A00ABB1BD /* Note.swift */; };
		2EC28A441B43AB3B00ABB1BD /* Content.swift in Sources */ = {isa = PBXBuildFile; fileRef = 2EC28A431B43AB3B00ABB1BD /* Content.swift */; };
/* End PBXBuildFile section */

/* Begin PBXContainerItemProxy section */
		2E8057321B4254F2006B1C0F /* PBXContainerItemProxy */ = {
			isa = PBXContainerItemProxy;
			containerPortal = 2E8057111B4254F2006B1C0F /* Project object */;
			proxyType = 1;
			remoteGlobalIDString = 2E8057181B4254F2006B1C0F;
			remoteInfo = BlocNotes;
		};
/* End PBXContainerItemProxy section */

/* Begin PBXFileReference section */
		2E8057191B4254F2006B1C0F /* BlocNotes.app */ = {isa = PBXFileReference; explicitFileType = wrapper.application; includeInIndex = 0; path = BlocNotes.app; sourceTree = BUILT_PRODUCTS_DIR; };
		2E80571D1B4254F2006B1C0F /* Info.plist */ = {isa = PBXFileReference; lastKnownFileType = text.plist.xml; path = Info.plist; sourceTree = "<group>"; };
		2E80571E1B4254F2006B1C0F /* AppDelegate.swift */ = {isa = PBXFileReference; lastKnownFileType = sourcecode.swift; path = AppDelegate.swift; sourceTree = "<group>"; };
		2E8057211B4254F2006B1C0F /* BlocNotes.xcdatamodel */ = {isa = PBXFileReference; lastKnownFileType = wrapper.xcdatamodel; path = BlocNotes.xcdatamodel; sourceTree = "<group>"; };
		2E8057261B4254F2006B1C0F /* Base */ = {isa = PBXFileReference; lastKnownFileType = file.storyboard; name = Base; path = Base.lproj/Main.storyboard; sourceTree = "<group>"; };
		2E8057281B4254F2006B1C0F /* Images.xcassets */ = {isa = PBXFileReference; lastKnownFileType = folder.assetcatalog; path = Images.xcassets; sourceTree = "<group>"; };
		2E80572B1B4254F2006B1C0F /* Base */ = {isa = PBXFileReference; lastKnownFileType = file.xib; name = Base; path = Base.lproj/LaunchScreen.xib; sourceTree = "<group>"; };
		2E8057311B4254F2006B1C0F /* BlocNotesTests.xctest */ = {isa = PBXFileReference; explicitFileType = wrapper.cfbundle; includeInIndex = 0; path = BlocNotesTests.xctest; sourceTree = BUILT_PRODUCTS_DIR; };
		2E8057361B4254F2006B1C0F /* Info.plist */ = {isa = PBXFileReference; lastKnownFileType = text.plist.xml; path = Info.plist; sourceTree = "<group>"; };
		2E8057371B4254F2006B1C0F /* BlocNotesTests.swift */ = {isa = PBXFileReference; lastKnownFileType = sourcecode.swift; path = BlocNotesTests.swift; sourceTree = "<group>"; };
		2E8057411B4256F2006B1C0F /* MainNotesListTableViewController.swift */ = {isa = PBXFileReference; fileEncoding = 4; lastKnownFileType = sourcecode.swift; path = MainNotesListTableViewController.swift; sourceTree = "<group>"; };
		2EC28A331B438CB700ABB1BD /* DetailViewController.swift */ = {isa = PBXFileReference; fileEncoding = 4; lastKnownFileType = sourcecode.swift; path = DetailViewController.swift; sourceTree = "<group>"; };
		2EC28A411B43AB3A00ABB1BD /* Note.swift */ = {isa = PBXFileReference; fileEncoding = 4; lastKnownFileType = sourcecode.swift; path = Note.swift; sourceTree = "<group>"; };
		2EC28A431B43AB3B00ABB1BD /* Content.swift */ = {isa = PBXFileReference; fileEncoding = 4; lastKnownFileType = sourcecode.swift; path = Content.swift; sourceTree = "<group>"; };
/* End PBXFileReference section */

/* Begin PBXFrameworksBuildPhase section */
		2E8057161B4254F2006B1C0F /* Frameworks */ = {
			isa = PBXFrameworksBuildPhase;
			buildActionMask = 2147483647;
			files = (
			);
			runOnlyForDeploymentPostprocessing = 0;
		};
		2E80572E1B4254F2006B1C0F /* Frameworks */ = {
			isa = PBXFrameworksBuildPhase;
			buildActionMask = 2147483647;
			files = (
			);
			runOnlyForDeploymentPostprocessing = 0;
		};
/* End PBXFrameworksBuildPhase section */

/* Begin PBXGroup section */
		2E8057101B4254F2006B1C0F = {
			isa = PBXGroup;
			children = (
				2E80571B1B4254F2006B1C0F /* BlocNotes */,
				2E8057341B4254F2006B1C0F /* BlocNotesTests */,
				2E80571A1B4254F2006B1C0F /* Products */,
			);
			sourceTree = "<group>";
		};
		2E80571A1B4254F2006B1C0F /* Products */ = {
			isa = PBXGroup;
			children = (
				2E8057191B4254F2006B1C0F /* BlocNotes.app */,
				2E8057311B4254F2006B1C0F /* BlocNotesTests.xctest */,
			);
			name = Products;
			sourceTree = "<group>";
		};
		2E80571B1B4254F2006B1C0F /* BlocNotes */ = {
			isa = PBXGroup;
			children = (
				2EC28A431B43AB3B00ABB1BD /* Content.swift */,
				2EC28A411B43AB3A00ABB1BD /* Note.swift */,
				2E80571E1B4254F2006B1C0F /* AppDelegate.swift */,
				2E8057411B4256F2006B1C0F /* MainNotesListTableViewController.swift */,
				2EC28A331B438CB700ABB1BD /* DetailViewController.swift */,
				2E8057251B4254F2006B1C0F /* Main.storyboard */,
				2E8057281B4254F2006B1C0F /* Images.xcassets */,
				2E80572A1B4254F2006B1C0F /* LaunchScreen.xib */,
				2E8057201B4254F2006B1C0F /* BlocNotes.xcdatamodeld */,
				2E80571C1B4254F2006B1C0F /* Supporting Files */,
			);
			path = BlocNotes;
			sourceTree = "<group>";
		};
		2E80571C1B4254F2006B1C0F /* Supporting Files */ = {
			isa = PBXGroup;
			children = (
				2E80571D1B4254F2006B1C0F /* Info.plist */,
			);
			name = "Supporting Files";
			sourceTree = "<group>";
		};
		2E8057341B4254F2006B1C0F /* BlocNotesTests */ = {
			isa = PBXGroup;
			children = (
				2E8057371B4254F2006B1C0F /* BlocNotesTests.swift */,
				2E8057351B4254F2006B1C0F /* Supporting Files */,
			);
			path = BlocNotesTests;
			sourceTree = "<group>";
		};
		2E8057351B4254F2006B1C0F /* Supporting Files */ = {
			isa = PBXGroup;
			children = (
				2E8057361B4254F2006B1C0F /* Info.plist */,
			);
			name = "Supporting Files";
			sourceTree = "<group>";
		};
/* End PBXGroup section */

/* Begin PBXNativeTarget section */
		2E8057181B4254F2006B1C0F /* BlocNotes */ = {
			isa = PBXNativeTarget;
			buildConfigurationList = 2E80573B1B4254F2006B1C0F /* Build configuration list for PBXNativeTarget "BlocNotes" */;
			buildPhases = (
				2E8057151B4254F2006B1C0F /* Sources */,
				2E8057161B4254F2006B1C0F /* Frameworks */,
				2E8057171B4254F2006B1C0F /* Resources */,
			);
			buildRules = (
			);
			dependencies = (
			);
			name = BlocNotes;
			productName = BlocNotes;
			productReference = 2E8057191B4254F2006B1C0F /* BlocNotes.app */;
			productType = "com.apple.product-type.application";
		};
		2E8057301B4254F2006B1C0F /* BlocNotesTests */ = {
			isa = PBXNativeTarget;
			buildConfigurationList = 2E80573E1B4254F2006B1C0F /* Build configuration list for PBXNativeTarget "BlocNotesTests" */;
			buildPhases = (
				2E80572D1B4254F2006B1C0F /* Sources */,
				2E80572E1B4254F2006B1C0F /* Frameworks */,
				2E80572F1B4254F2006B1C0F /* Resources */,
			);
			buildRules = (
			);
			dependencies = (
				2E8057331B4254F2006B1C0F /* PBXTargetDependency */,
			);
			name = BlocNotesTests;
			productName = BlocNotesTests;
			productReference = 2E8057311B4254F2006B1C0F /* BlocNotesTests.xctest */;
			productType = "com.apple.product-type.bundle.unit-test";
		};
/* End PBXNativeTarget section */

/* Begin PBXProject section */
		2E8057111B4254F2006B1C0F /* Project object */ = {
			isa = PBXProject;
			attributes = {
				LastUpgradeCheck = 0630;
				ORGANIZATIONNAME = "Yong Jun";
				TargetAttributes = {
					2E8057181B4254F2006B1C0F = {
						CreatedOnToolsVersion = 6.3.2;
					};
					2E8057301B4254F2006B1C0F = {
						CreatedOnToolsVersion = 6.3.2;
						TestTargetID = 2E8057181B4254F2006B1C0F;
					};
				};
			};
			buildConfigurationList = 2E8057141B4254F2006B1C0F /* Build configuration list for PBXProject "BlocNotes" */;
			compatibilityVersion = "Xcode 3.2";
			developmentRegion = English;
			hasScannedForEncodings = 0;
			knownRegions = (
				en,
				Base,
			);
			mainGroup = 2E8057101B4254F2006B1C0F;
			productRefGroup = 2E80571A1B4254F2006B1C0F /* Products */;
			projectDirPath = "";
			projectRoot = "";
			targets = (
				2E8057181B4254F2006B1C0F /* BlocNotes */,
				2E8057301B4254F2006B1C0F /* BlocNotesTests */,
			);
		};
/* End PBXProject section */

/* Begin PBXResourcesBuildPhase section */
		2E8057171B4254F2006B1C0F /* Resources */ = {
			isa = PBXResourcesBuildPhase;
			buildActionMask = 2147483647;
			files = (
				2E8057271B4254F2006B1C0F /* Main.storyboard in Resources */,
				2E80572C1B4254F2006B1C0F /* LaunchScreen.xib in Resources */,
				2E8057291B4254F2006B1C0F /* Images.xcassets in Resources */,
			);
			runOnlyForDeploymentPostprocessing = 0;
		};
		2E80572F1B4254F2006B1C0F /* Resources */ = {
			isa = PBXResourcesBuildPhase;
			buildActionMask = 2147483647;
			files = (
			);
			runOnlyForDeploymentPostprocessing = 0;
		};
/* End PBXResourcesBuildPhase section */

/* Begin PBXSourcesBuildPhase section */
		2E8057151B4254F2006B1C0F /* Sources */ = {
			isa = PBXSourcesBuildPhase;
			buildActionMask = 2147483647;
			files = (
				2EC28A421B43AB3A00ABB1BD /* Note.swift in Sources */,
				2E80571F1B4254F2006B1C0F /* AppDelegate.swift in Sources */,
				2E8057421B4256F2006B1C0F /* MainNotesListTableViewController.swift in Sources */,
				2E8057221B4254F2006B1C0F /* BlocNotes.xcdatamodeld in Sources */,
				2EC28A341B438CB700ABB1BD /* DetailViewController.swift in Sources */,
				2EC28A441B43AB3B00ABB1BD /* Content.swift in Sources */,
			);
			runOnlyForDeploymentPostprocessing = 0;
		};
		2E80572D1B4254F2006B1C0F /* Sources */ = {
			isa = PBXSourcesBuildPhase;
			buildActionMask = 2147483647;
			files = (
				2E8057381B4254F2006B1C0F /* BlocNotesTests.swift in Sources */,
			);
			runOnlyForDeploymentPostprocessing = 0;
		};
/* End PBXSourcesBuildPhase section */

/* Begin PBXTargetDependency section */
		2E8057331B4254F2006B1C0F /* PBXTargetDependency */ = {
			isa = PBXTargetDependency;
			target = 2E8057181B4254F2006B1C0F /* BlocNotes */;
			targetProxy = 2E8057321B4254F2006B1C0F /* PBXContainerItemProxy */;
		};
/* End PBXTargetDependency section */

/* Begin PBXVariantGroup section */
		2E8057251B4254F2006B1C0F /* Main.storyboard */ = {
			isa = PBXVariantGroup;
			children = (
				2E8057261B4254F2006B1C0F /* Base */,
			);
			name = Main.storyboard;
			sourceTree = "<group>";
		};
		2E80572A1B4254F2006B1C0F /* LaunchScreen.xib */ = {
			isa = PBXVariantGroup;
			children = (
				2E80572B1B4254F2006B1C0F /* Base */,
			);
			name = LaunchScreen.xib;
			sourceTree = "<group>";
		};
/* End PBXVariantGroup section */

/* Begin XCBuildConfiguration section */
		2E8057391B4254F2006B1C0F /* Debug */ = {
			isa = XCBuildConfiguration;
			buildSettings = {
				ALWAYS_SEARCH_USER_PATHS = NO;
				CLANG_CXX_LANGUAGE_STANDARD = "gnu++0x";
				CLANG_CXX_LIBRARY = "libc++";
				CLANG_ENABLE_MODULES = YES;
				CLANG_ENABLE_OBJC_ARC = YES;
				CLANG_WARN_BOOL_CONVERSION = YES;
				CLANG_WARN_CONSTANT_CONVERSION = YES;
				CLANG_WARN_DIRECT_OBJC_ISA_USAGE = YES_ERROR;
				CLANG_WARN_EMPTY_BODY = YES;
				CLANG_WARN_ENUM_CONVERSION = YES;
				CLANG_WARN_INT_CONVERSION = YES;
				CLANG_WARN_OBJC_ROOT_CLASS = YES_ERROR;
				CLANG_WARN_UNREACHABLE_CODE = YES;
				CLANG_WARN__DUPLICATE_METHOD_MATCH = YES;
				"CODE_SIGN_IDENTITY[sdk=iphoneos*]" = "iPhone Developer";
				COPY_PHASE_STRIP = NO;
				DEBUG_INFORMATION_FORMAT = "dwarf-with-dsym";
				ENABLE_STRICT_OBJC_MSGSEND = YES;
				GCC_C_LANGUAGE_STANDARD = gnu99;
				GCC_DYNAMIC_NO_PIC = NO;
				GCC_NO_COMMON_BLOCKS = YES;
				GCC_OPTIMIZATION_LEVEL = 0;
				GCC_PREPROCESSOR_DEFINITIONS = (
					"DEBUG=1",
					"$(inherited)",
				);
				GCC_SYMBOLS_PRIVATE_EXTERN = NO;
				GCC_WARN_64_TO_32_BIT_CONVERSION = YES;
				GCC_WARN_ABOUT_RETURN_TYPE = YES_ERROR;
				GCC_WARN_UNDECLARED_SELECTOR = YES;
				GCC_WARN_UNINITIALIZED_AUTOS = YES_AGGRESSIVE;
				GCC_WARN_UNUSED_FUNCTION = YES;
				GCC_WARN_UNUSED_VARIABLE = YES;
				IPHONEOS_DEPLOYMENT_TARGET = 8.3;
				MTL_ENABLE_DEBUG_INFO = YES;
				ONLY_ACTIVE_ARCH = YES;
				SDKROOT = iphoneos;
				SWIFT_OPTIMIZATION_LEVEL = "-Onone";
				TARGETED_DEVICE_FAMILY = "1,2";
			};
			name = Debug;
		};
		2E80573A1B4254F2006B1C0F /* Release */ = {
			isa = XCBuildConfiguration;
			buildSettings = {
				ALWAYS_SEARCH_USER_PATHS = NO;
				CLANG_CXX_LANGUAGE_STANDARD = "gnu++0x";
				CLANG_CXX_LIBRARY = "libc++";
				CLANG_ENABLE_MODULES = YES;
				CLANG_ENABLE_OBJC_ARC = YES;
				CLANG_WARN_BOOL_CONVERSION = YES;
				CLANG_WARN_CONSTANT_CONVERSION = YES;
				CLANG_WARN_DIRECT_OBJC_ISA_USAGE = YES_ERROR;
				CLANG_WARN_EMPTY_BODY = YES;
				CLANG_WARN_ENUM_CONVERSION = YES;
				CLANG_WARN_INT_CONVERSION = YES;
				CLANG_WARN_OBJC_ROOT_CLASS = YES_ERROR;
				CLANG_WARN_UNREACHABLE_CODE = YES;
				CLANG_WARN__DUPLICATE_METHOD_MATCH = YES;
				"CODE_SIGN_IDENTITY[sdk=iphoneos*]" = "iPhone Developer";
				COPY_PHASE_STRIP = NO;
				DEBUG_INFORMATION_FORMAT = "dwarf-with-dsym";
				ENABLE_NS_ASSERTIONS = NO;
				ENABLE_STRICT_OBJC_MSGSEND = YES;
				GCC_C_LANGUAGE_STANDARD = gnu99;
				GCC_NO_COMMON_BLOCKS = YES;
				GCC_WARN_64_TO_32_BIT_CONVERSION = YES;
				GCC_WARN_ABOUT_RETURN_TYPE = YES_ERROR;
				GCC_WARN_UNDECLARED_SELECTOR = YES;
				GCC_WARN_UNINITIALIZED_AUTOS = YES_AGGRESSIVE;
				GCC_WARN_UNUSED_FUNCTION = YES;
				GCC_WARN_UNUSED_VARIABLE = YES;
				IPHONEOS_DEPLOYMENT_TARGET = 8.3;
				MTL_ENABLE_DEBUG_INFO = NO;
				SDKROOT = iphoneos;
				TARGETED_DEVICE_FAMILY = "1,2";
				VALIDATE_PRODUCT = YES;
			};
			name = Release;
		};
		2E80573C1B4254F2006B1C0F /* Debug */ = {
			isa = XCBuildConfiguration;
			buildSettings = {
				ASSETCATALOG_COMPILER_APPICON_NAME = AppIcon;
				INFOPLIST_FILE = BlocNotes/Info.plist;
				LD_RUNPATH_SEARCH_PATHS = "$(inherited) @executable_path/Frameworks";
				PRODUCT_NAME = "$(TARGET_NAME)";
			};
			name = Debug;
		};
		2E80573D1B4254F2006B1C0F /* Release */ = {
			isa = XCBuildConfiguration;
			buildSettings = {
				ASSETCATALOG_COMPILER_APPICON_NAME = AppIcon;
				INFOPLIST_FILE = BlocNotes/Info.plist;
				LD_RUNPATH_SEARCH_PATHS = "$(inherited) @executable_path/Frameworks";
				PRODUCT_NAME = "$(TARGET_NAME)";
			};
			name = Release;
		};
		2E80573F1B4254F2006B1C0F /* Debug */ = {
			isa = XCBuildConfiguration;
			buildSettings = {
				BUNDLE_LOADER = "$(TEST_HOST)";
				FRAMEWORK_SEARCH_PATHS = (
					"$(SDKROOT)/Developer/Library/Frameworks",
					"$(inherited)",
				);
				GCC_PREPROCESSOR_DEFINITIONS = (
					"DEBUG=1",
					"$(inherited)",
				);
				INFOPLIST_FILE = BlocNotesTests/Info.plist;
				LD_RUNPATH_SEARCH_PATHS = "$(inherited) @executable_path/Frameworks @loader_path/Frameworks";
				PRODUCT_NAME = "$(TARGET_NAME)";
				TEST_HOST = "$(BUILT_PRODUCTS_DIR)/BlocNotes.app/BlocNotes";
			};
			name = Debug;
		};
		2E8057401B4254F2006B1C0F /* Release */ = {
			isa = XCBuildConfiguration;
			buildSettings = {
				BUNDLE_LOADER = "$(TEST_HOST)";
				FRAMEWORK_SEARCH_PATHS = (
					"$(SDKROOT)/Developer/Library/Frameworks",
					"$(inherited)",
				);
				INFOPLIST_FILE = BlocNotesTests/Info.plist;
				LD_RUNPATH_SEARCH_PATHS = "$(inherited) @executable_path/Frameworks @loader_path/Frameworks";
				PRODUCT_NAME = "$(TARGET_NAME)";
				TEST_HOST = "$(BUILT_PRODUCTS_DIR)/BlocNotes.app/BlocNotes";
			};
			name = Release;
		};
/* End XCBuildConfiguration section */

/* Begin XCConfigurationList section */
		2E8057141B4254F2006B1C0F /* Build configuration list for PBXProject "BlocNotes" */ = {
			isa = XCConfigurationList;
			buildConfigurations = (
				2E8057391B4254F2006B1C0F /* Debug */,
				2E80573A1B4254F2006B1C0F /* Release */,
			);
			defaultConfigurationIsVisible = 0;
			defaultConfigurationName = Release;
		};
		2E80573B1B4254F2006B1C0F /* Build configuration list for PBXNativeTarget "BlocNotes" */ = {
			isa = XCConfigurationList;
			buildConfigurations = (
				2E80573C1B4254F2006B1C0F /* Debug */,
				2E80573D1B4254F2006B1C0F /* Release */,
			);
			defaultConfigurationIsVisible = 0;
			defaultConfigurationName = Release;
		};
		2E80573E1B4254F2006B1C0F /* Build configuration list for PBXNativeTarget "BlocNotesTests" */ = {
			isa = XCConfigurationList;
			buildConfigurations = (
				2E80573F1B4254F2006B1C0F /* Debug */,
				2E8057401B4254F2006B1C0F /* Release */,
			);
			defaultConfigurationIsVisible = 0;
			defaultConfigurationName = Release;
		};
/* End XCConfigurationList section */

/* Begin XCVersionGroup section */
		2E8057201B4254F2006B1C0F /* BlocNotes.xcdatamodeld */ = {
			isa = XCVersionGroup;
			children = (
				2E8057211B4254F2006B1C0F /* BlocNotes.xcdatamodel */,
			);
			currentVersion = 2E8057211B4254F2006B1C0F /* BlocNotes.xcdatamodel */;
			path = BlocNotes.xcdatamodeld;
			sourceTree = "<group>";
			versionGroupType = wrapper.xcdatamodel;
		};
/* End XCVersionGroup section */
	};
	rootObject = 2E8057111B4254F2006B1C0F /* Project object */;
}
